
Microsoft Visual Studio Solution File, Format Version 12.00
Project("{FAE04EC0-301F-11D3-BF4B-00C04F79EFBC}") = "modsen", "modsen\modsen.csproj", "{F031A0B8-A581-4706-9B9C-C10E681A2C5C}"
EndProject
Global
	GlobalSection(SolutionConfigurationPlatforms) = preSolution
		Debug|Any CPU = Debug|Any CPU
		Release|Any CPU = Release|Any CPU
	EndGlobalSection
	GlobalSection(ProjectConfigurationPlatforms) = postSolution
		{F031A0B8-A581-4706-9B9C-C10E681A2C5C}.Debug|Any CPU.ActiveCfg = Debug|Any CPU
		{F031A0B8-A581-4706-9B9C-C10E681A2C5C}.Debug|Any CPU.Build.0 = Debug|Any CPU
		{F031A0B8-A581-4706-9B9C-C10E681A2C5C}.Release|Any CPU.ActiveCfg = Release|Any CPU
		{F031A0B8-A581-4706-9B9C-C10E681A2C5C}.Release|Any CPU.Build.0 = Release|Any CPU
	EndGlobalSection
EndGlobal
